
Microsoft Visual Studio Solution File, Format Version 12.00
# Visual Studio Version 17
VisualStudioVersion = 17.0.31903.59
MinimumVisualStudioVersion = 10.0.40219.1
Project("{FAE04EC0-301F-11D3-BF4B-00C04F79EFBC}") = "PathOfExile-NoSpiderMod", "PathOfExile-NoSpiderMod\PathOfExile-NoSpiderMod.csproj", "{BE497073-AF4F-4529-9D3A-6EDCC8CDE6FD}"
EndProject
Global
	GlobalSection(SolutionConfigurationPlatforms) = preSolution
		Debug|Any CPU = Debug|Any CPU
		Release|Any CPU = Release|Any CPU
	EndGlobalSection
	GlobalSection(SolutionProperties) = preSolution
		HideSolutionNode = FALSE
	EndGlobalSection
	GlobalSection(ProjectConfigurationPlatforms) = postSolution
		{BE497073-AF4F-4529-9D3A-6EDCC8CDE6FD}.Debug|Any CPU.ActiveCfg = Debug|Any CPU
		{BE497073-AF4F-4529-9D3A-6EDCC8CDE6FD}.Debug|Any CPU.Build.0 = Debug|Any CPU
		{BE497073-AF4F-4529-9D3A-6EDCC8CDE6FD}.Release|Any CPU.ActiveCfg = Release|Any CPU
		{BE497073-AF4F-4529-9D3A-6EDCC8CDE6FD}.Release|Any CPU.Build.0 = Release|Any CPU
	EndGlobalSection
EndGlobal
